{
  "name": "terminalConfigs",
  "lockfileVersion": 2,
  "requires": true,
  "packages": {
    "": {
      "dependencies": {
        "@angular/language-service": "^14.2.4"
      }
    },
    "node_modules/@angular/language-service": {
      "version": "14.2.4",
      "resolved": "https://registry.npmjs.org/@angular/language-service/-/language-service-14.2.4.tgz",
      "integrity": "sha512-s2UvnGVRb2ltEnc/NSrCwa6lQoP2BFr3TaRfaOZurX0vr5Dou9VItrtqsk8b1ctPjgqtOQl1IgXT6V+dwN39yA==",
      "engines": {
        "node": "^14.15.0 || >=16.10.0"
      }
    }
  },
  "dependencies": {
    "@angular/language-service": {
      "version": "14.2.4",
      "resolved": "https://registry.npmjs.org/@angular/language-service/-/language-service-14.2.4.tgz",
      "integrity": "sha512-s2UvnGVRb2ltEnc/NSrCwa6lQoP2BFr3TaRfaOZurX0vr5Dou9VItrtqsk8b1ctPjgqtOQl1IgXT6V+dwN39yA=="
    }
  }
}
